
Microsoft Visual Studio Solution File, Format Version 12.00
# Visual Studio Version 17
VisualStudioVersion = 17.5.002.0
MinimumVisualStudioVersion = 10.0.40219.1
Project("{2150E333-8FDC-42A3-9474-1A3956D46DE8}") = "csharp-prep", "csharp-prep", "{511D9ABA-E75C-4DE1-96A3-16E5313E8BB9}"
EndProject
Project("{9A19103F-16F7-4668-BE54-9A1E7A4F7556}") = "Prep1", "csharp-prep\Prep1\Prep1.csproj", "{D4B3A49F-30E5-4016-9A04-6CBBCCAA1DA2}"
EndProject
Project("{9A19103F-16F7-4668-BE54-9A1E7A4F7556}") = "Prep2", "csharp-prep\Prep2\Prep2.csproj", "{0A290957-16C5-41BE-9402-434C2A9096CA}"
EndProject
Project("{9A19103F-16F7-4668-BE54-9A1E7A4F7556}") = "Prep3", "csharp-prep\Prep3\Prep3.csproj", "{940B45B0-F6C1-4C61-8A51-C934CCBE4619}"
EndProject
Project("{9A19103F-16F7-4668-BE54-9A1E7A4F7556}") = "Prep4", "csharp-prep\Prep4\Prep4.csproj", "{614E92AB-B61C-4E62-9E1A-9BC72A2CC79A}"
EndProject
Project("{9A19103F-16F7-4668-BE54-9A1E7A4F7556}") = "Prep5", "csharp-prep\Prep5\Prep5.csproj", "{94628F6E-E7FB-4E33-9AC8-4E34853022F0}"
EndProject
Project("{2150E333-8FDC-42A3-9474-1A3956D46DE8}") = "final", "final", "{CB0C07BB-D5F2-45D0-9CD7-DDDC2693AE2F}"
EndProject
Project("{9A19103F-16F7-4668-BE54-9A1E7A4F7556}") = "FinalProject", "final\FinalProject\FinalProject.csproj", "{3EF5467D-1518-43C2-BE4B-53704CE6C432}"
EndProject
Project("{9A19103F-16F7-4668-BE54-9A1E7A4F7556}") = "Foundation1", "final\Foundation1\Foundation1.csproj", "{E462A173-C9F0-49E8-8909-C4EEC98538D6}"
EndProject
Project("{9A19103F-16F7-4668-BE54-9A1E7A4F7556}") = "Foundation2", "final\Foundation2\Foundation2.csproj", "{F77C33EB-20A4-405E-9796-CF0D69DF2D9B}"
EndProject
Project("{9A19103F-16F7-4668-BE54-9A1E7A4F7556}") = "Foundation3", "final\Foundation3\Foundation3.csproj", "{0E588027-C9E1-44AE-AA0C-D2A5EF600BA6}"
EndProject
Project("{9A19103F-16F7-4668-BE54-9A1E7A4F7556}") = "Foundation4", "final\Foundation4\Foundation4.csproj", "{D5D612AA-66FD-4753-966A-5EABCD24DAAC}"
EndProject
Project("{2150E333-8FDC-42A3-9474-1A3956D46DE8}") = "prepare", "prepare", "{C413C22A-C107-4E55-8241-F5FA9566CF5C}"
EndProject
Project("{9A19103F-16F7-4668-BE54-9A1E7A4F7556}") = "Learning02", "prepare\Learning02\Learning02.csproj", "{393C087B-611C-41B6-AE4B-1A9F81EEFC73}"
EndProject
Project("{9A19103F-16F7-4668-BE54-9A1E7A4F7556}") = "Learning03", "prepare\Learning03\Learning03.csproj", "{C4135796-59E3-4642-ABE7-40ACADD5F3A8}"
EndProject
Project("{9A19103F-16F7-4668-BE54-9A1E7A4F7556}") = "Learning04", "prepare\Learning04\Learning04.csproj", "{EC001D53-6C4E-407A-903B-3B1706A3B28C}"
EndProject
Project("{9A19103F-16F7-4668-BE54-9A1E7A4F7556}") = "Learning05", "prepare\Learning05\Learning05.csproj", "{A90BE8C0-0438-4D3E-8923-9EE98572594B}"
EndProject
Project("{2150E333-8FDC-42A3-9474-1A3956D46DE8}") = "prove", "prove", "{FABD0B24-6539-4455-B888-E4A2FB6DABC5}"
EndProject
Project("{9A19103F-16F7-4668-BE54-9A1E7A4F7556}") = "Develop02", "prove\Develop02\Develop02.csproj", "{8F1728AD-0E13-4FCA-BCD5-52917DAB36E1}"
EndProject
Project("{9A19103F-16F7-4668-BE54-9A1E7A4F7556}") = "Develop03", "prove\Develop03\Develop03.csproj", "{A739D0DF-8B06-47E2-B86C-1DC3692CDA65}"
EndProject
Project("{9A19103F-16F7-4668-BE54-9A1E7A4F7556}") = "Develop04", "prove\Develop04\Develop04.csproj", "{E5D06D4A-DE6C-4FFD-B0CF-4D5806B79B82}"
EndProject
Project("{9A19103F-16F7-4668-BE54-9A1E7A4F7556}") = "Develop05", "prove\Develop05\Develop05.csproj", "{6B07ABCF-77EA-4E99-8D82-D7212F43D509}"
EndProject
Project("{2150E333-8FDC-42A3-9474-1A3956D46DE8}") = "sandbox", "sandbox", "{F55D20B8-4D9C-43F0-ADC2-6983259BA0A7}"
EndProject
Project("{9A19103F-16F7-4668-BE54-9A1E7A4F7556}") = "Sandbox", "sandbox\Sandbox\Sandbox.csproj", "{09DD93A3-E193-40BC-A5EC-D0B30EFA4669}"
EndProject
Global
	GlobalSection(SolutionConfigurationPlatforms) = preSolution
		Debug|Any CPU = Debug|Any CPU
		Release|Any CPU = Release|Any CPU
	EndGlobalSection
	GlobalSection(ProjectConfigurationPlatforms) = postSolution
		{D4B3A49F-30E5-4016-9A04-6CBBCCAA1DA2}.Debug|Any CPU.ActiveCfg = Debug|Any CPU
		{D4B3A49F-30E5-4016-9A04-6CBBCCAA1DA2}.Debug|Any CPU.Build.0 = Debug|Any CPU
		{D4B3A49F-30E5-4016-9A04-6CBBCCAA1DA2}.Release|Any CPU.ActiveCfg = Release|Any CPU
		{D4B3A49F-30E5-4016-9A04-6CBBCCAA1DA2}.Release|Any CPU.Build.0 = Release|Any CPU
		{0A290957-16C5-41BE-9402-434C2A9096CA}.Debug|Any CPU.ActiveCfg = Debug|Any CPU
		{0A290957-16C5-41BE-9402-434C2A9096CA}.Debug|Any CPU.Build.0 = Debug|Any CPU
		{0A290957-16C5-41BE-9402-434C2A9096CA}.Release|Any CPU.ActiveCfg = Release|Any CPU
		{0A290957-16C5-41BE-9402-434C2A9096CA}.Release|Any CPU.Build.0 = Release|Any CPU
		{940B45B0-F6C1-4C61-8A51-C934CCBE4619}.Debug|Any CPU.ActiveCfg = Debug|Any CPU
		{940B45B0-F6C1-4C61-8A51-C934CCBE4619}.Debug|Any CPU.Build.0 = Debug|Any CPU
		{940B45B0-F6C1-4C61-8A51-C934CCBE4619}.Release|Any CPU.ActiveCfg = Release|Any CPU
		{940B45B0-F6C1-4C61-8A51-C934CCBE4619}.Release|Any CPU.Build.0 = Release|Any CPU
		{614E92AB-B61C-4E62-9E1A-9BC72A2CC79A}.Debug|Any CPU.ActiveCfg = Debug|Any CPU
		{614E92AB-B61C-4E62-9E1A-9BC72A2CC79A}.Debug|Any CPU.Build.0 = Debug|Any CPU
		{614E92AB-B61C-4E62-9E1A-9BC72A2CC79A}.Release|Any CPU.ActiveCfg = Release|Any CPU
		{614E92AB-B61C-4E62-9E1A-9BC72A2CC79A}.Release|Any CPU.Build.0 = Release|Any CPU
		{94628F6E-E7FB-4E33-9AC8-4E34853022F0}.Debug|Any CPU.ActiveCfg = Debug|Any CPU
		{94628F6E-E7FB-4E33-9AC8-4E34853022F0}.Debug|Any CPU.Build.0 = Debug|Any CPU
		{94628F6E-E7FB-4E33-9AC8-4E34853022F0}.Release|Any CPU.ActiveCfg = Release|Any CPU
		{94628F6E-E7FB-4E33-9AC8-4E34853022F0}.Release|Any CPU.Build.0 = Release|Any CPU
		{3EF5467D-1518-43C2-BE4B-53704CE6C432}.Debug|Any CPU.ActiveCfg = Debug|Any CPU
		{3EF5467D-1518-43C2-BE4B-53704CE6C432}.Debug|Any CPU.Build.0 = Debug|Any CPU
		{3EF5467D-1518-43C2-BE4B-53704CE6C432}.Release|Any CPU.ActiveCfg = Release|Any CPU
		{3EF5467D-1518-43C2-BE4B-53704CE6C432}.Release|Any CPU.Build.0 = Release|Any CPU
		{E462A173-C9F0-49E8-8909-C4EEC98538D6}.Debug|Any CPU.ActiveCfg = Debug|Any CPU
		{E462A173-C9F0-49E8-8909-C4EEC98538D6}.Debug|Any CPU.Build.0 = Debug|Any CPU
		{E462A173-C9F0-49E8-8909-C4EEC98538D6}.Release|Any CPU.ActiveCfg = Release|Any CPU
		{E462A173-C9F0-49E8-8909-C4EEC98538D6}.Release|Any CPU.Build.0 = Release|Any CPU
		{F77C33EB-20A4-405E-9796-CF0D69DF2D9B}.Debug|Any CPU.ActiveCfg = Debug|Any CPU
		{F77C33EB-20A4-405E-9796-CF0D69DF2D9B}.Debug|Any CPU.Build.0 = Debug|Any CPU
		{F77C33EB-20A4-405E-9796-CF0D69DF2D9B}.Release|Any CPU.ActiveCfg = Release|Any CPU
		{F77C33EB-20A4-405E-9796-CF0D69DF2D9B}.Release|Any CPU.Build.0 = Release|Any CPU
		{0E588027-C9E1-44AE-AA0C-D2A5EF600BA6}.Debug|Any CPU.ActiveCfg = Debug|Any CPU
		{0E588027-C9E1-44AE-AA0C-D2A5EF600BA6}.Debug|Any CPU.Build.0 = Debug|Any CPU
		{0E588027-C9E1-44AE-AA0C-D2A5EF600BA6}.Release|Any CPU.ActiveCfg = Release|Any CPU
		{0E588027-C9E1-44AE-AA0C-D2A5EF600BA6}.Release|Any CPU.Build.0 = Release|Any CPU
		{D5D612AA-66FD-4753-966A-5EABCD24DAAC}.Debug|Any CPU.ActiveCfg = Debug|Any CPU
		{D5D612AA-66FD-4753-966A-5EABCD24DAAC}.Debug|Any CPU.Build.0 = Debug|Any CPU
		{D5D612AA-66FD-4753-966A-5EABCD24DAAC}.Release|Any CPU.ActiveCfg = Release|Any CPU
		{D5D612AA-66FD-4753-966A-5EABCD24DAAC}.Release|Any CPU.Build.0 = Release|Any CPU
		{393C087B-611C-41B6-AE4B-1A9F81EEFC73}.Debug|Any CPU.ActiveCfg = Debug|Any CPU
		{393C087B-611C-41B6-AE4B-1A9F81EEFC73}.Debug|Any CPU.Build.0 = Debug|Any CPU
		{393C087B-611C-41B6-AE4B-1A9F81EEFC73}.Release|Any CPU.ActiveCfg = Release|Any CPU
		{393C087B-611C-41B6-AE4B-1A9F81EEFC73}.Release|Any CPU.Build.0 = Release|Any CPU
		{C4135796-59E3-4642-ABE7-40ACADD5F3A8}.Debug|Any CPU.ActiveCfg = Debug|Any CPU
		{C4135796-59E3-4642-ABE7-40ACADD5F3A8}.Debug|Any CPU.Build.0 = Debug|Any CPU
		{C4135796-59E3-4642-ABE7-40ACADD5F3A8}.Release|Any CPU.ActiveCfg = Release|Any CPU
		{C4135796-59E3-4642-ABE7-40ACADD5F3A8}.Release|Any CPU.Build.0 = Release|Any CPU
		{EC001D53-6C4E-407A-903B-3B1706A3B28C}.Debug|Any CPU.ActiveCfg = Debug|Any CPU
		{EC001D53-6C4E-407A-903B-3B1706A3B28C}.Debug|Any CPU.Build.0 = Debug|Any CPU
		{EC001D53-6C4E-407A-903B-3B1706A3B28C}.Release|Any CPU.ActiveCfg = Release|Any CPU
		{EC001D53-6C4E-407A-903B-3B1706A3B28C}.Release|Any CPU.Build.0 = Release|Any CPU
		{A90BE8C0-0438-4D3E-8923-9EE98572594B}.Debug|Any CPU.ActiveCfg = Debug|Any CPU
		{A90BE8C0-0438-4D3E-8923-9EE98572594B}.Debug|Any CPU.Build.0 = Debug|Any CPU
		{A90BE8C0-0438-4D3E-8923-9EE98572594B}.Release|Any CPU.ActiveCfg = Release|Any CPU
		{A90BE8C0-0438-4D3E-8923-9EE98572594B}.Release|Any CPU.Build.0 = Release|Any CPU
		{8F1728AD-0E13-4FCA-BCD5-52917DAB36E1}.Debug|Any CPU.ActiveCfg = Debug|Any CPU
		{8F1728AD-0E13-4FCA-BCD5-52917DAB36E1}.Debug|Any CPU.Build.0 = Debug|Any CPU
		{8F1728AD-0E13-4FCA-BCD5-52917DAB36E1}.Release|Any CPU.ActiveCfg = Release|Any CPU
		{8F1728AD-0E13-4FCA-BCD5-52917DAB36E1}.Release|Any CPU.Build.0 = Release|Any CPU
		{A739D0DF-8B06-47E2-B86C-1DC3692CDA65}.Debug|Any CPU.ActiveCfg = Debug|Any CPU
		{A739D0DF-8B06-47E2-B86C-1DC3692CDA65}.Debug|Any CPU.Build.0 = Debug|Any CPU
		{A739D0DF-8B06-47E2-B86C-1DC3692CDA65}.Release|Any CPU.ActiveCfg = Release|Any CPU
		{A739D0DF-8B06-47E2-B86C-1DC3692CDA65}.Release|Any CPU.Build.0 = Release|Any CPU
		{E5D06D4A-DE6C-4FFD-B0CF-4D5806B79B82}.Debug|Any CPU.ActiveCfg = Debug|Any CPU
		{E5D06D4A-DE6C-4FFD-B0CF-4D5806B79B82}.Debug|Any CPU.Build.0 = Debug|Any CPU
		{E5D06D4A-DE6C-4FFD-B0CF-4D5806B79B82}.Release|Any CPU.ActiveCfg = Release|Any CPU
		{E5D06D4A-DE6C-4FFD-B0CF-4D5806B79B82}.Release|Any CPU.Build.0 = Release|Any CPU
		{6B07ABCF-77EA-4E99-8D82-D7212F43D509}.Debug|Any CPU.ActiveCfg = Debug|Any CPU
		{6B07ABCF-77EA-4E99-8D82-D7212F43D509}.Debug|Any CPU.Build.0 = Debug|Any CPU
		{6B07ABCF-77EA-4E99-8D82-D7212F43D509}.Release|Any CPU.ActiveCfg = Release|Any CPU
		{6B07ABCF-77EA-4E99-8D82-D7212F43D509}.Release|Any CPU.Build.0 = Release|Any CPU
		{09DD93A3-E193-40BC-A5EC-D0B30EFA4669}.Debug|Any CPU.ActiveCfg = Debug|Any CPU
		{09DD93A3-E193-40BC-A5EC-D0B30EFA4669}.Debug|Any CPU.Build.0 = Debug|Any CPU
		{09DD93A3-E193-40BC-A5EC-D0B30EFA4669}.Release|Any CPU.ActiveCfg = Release|Any CPU
		{09DD93A3-E193-40BC-A5EC-D0B30EFA4669}.Release|Any CPU.Build.0 = Release|Any CPU
	EndGlobalSection
	GlobalSection(SolutionProperties) = preSolution
		HideSolutionNode = FALSE
	EndGlobalSection
	GlobalSection(NestedProjects) = preSolution
		{D4B3A49F-30E5-4016-9A04-6CBBCCAA1DA2} = {511D9ABA-E75C-4DE1-96A3-16E5313E8BB9}
		{0A290957-16C5-41BE-9402-434C2A9096CA} = {511D9ABA-E75C-4DE1-96A3-16E5313E8BB9}
		{940B45B0-F6C1-4C61-8A51-C934CCBE4619} = {511D9ABA-E75C-4DE1-96A3-16E5313E8BB9}
		{614E92AB-B61C-4E62-9E1A-9BC72A2CC79A} = {511D9ABA-E75C-4DE1-96A3-16E5313E8BB9}
		{94628F6E-E7FB-4E33-9AC8-4E34853022F0} = {511D9ABA-E75C-4DE1-96A3-16E5313E8BB9}
		{3EF5467D-1518-43C2-BE4B-53704CE6C432} = {CB0C07BB-D5F2-45D0-9CD7-DDDC2693AE2F}
		{E462A173-C9F0-49E8-8909-C4EEC98538D6} = {CB0C07BB-D5F2-45D0-9CD7-DDDC2693AE2F}
		{F77C33EB-20A4-405E-9796-CF0D69DF2D9B} = {CB0C07BB-D5F2-45D0-9CD7-DDDC2693AE2F}
		{0E588027-C9E1-44AE-AA0C-D2A5EF600BA6} = {CB0C07BB-D5F2-45D0-9CD7-DDDC2693AE2F}
		{D5D612AA-66FD-4753-966A-5EABCD24DAAC} = {CB0C07BB-D5F2-45D0-9CD7-DDDC2693AE2F}
		{393C087B-611C-41B6-AE4B-1A9F81EEFC73} = {C413C22A-C107-4E55-8241-F5FA9566CF5C}
		{C4135796-59E3-4642-ABE7-40ACADD5F3A8} = {C413C22A-C107-4E55-8241-F5FA9566CF5C}
		{EC001D53-6C4E-407A-903B-3B1706A3B28C} = {C413C22A-C107-4E55-8241-F5FA9566CF5C}
		{A90BE8C0-0438-4D3E-8923-9EE98572594B} = {C413C22A-C107-4E55-8241-F5FA9566CF5C}
		{8F1728AD-0E13-4FCA-BCD5-52917DAB36E1} = {FABD0B24-6539-4455-B888-E4A2FB6DABC5}
		{A739D0DF-8B06-47E2-B86C-1DC3692CDA65} = {FABD0B24-6539-4455-B888-E4A2FB6DABC5}
		{E5D06D4A-DE6C-4FFD-B0CF-4D5806B79B82} = {FABD0B24-6539-4455-B888-E4A2FB6DABC5}
		{6B07ABCF-77EA-4E99-8D82-D7212F43D509} = {FABD0B24-6539-4455-B888-E4A2FB6DABC5}
		{09DD93A3-E193-40BC-A5EC-D0B30EFA4669} = {F55D20B8-4D9C-43F0-ADC2-6983259BA0A7}
	EndGlobalSection
	GlobalSection(ExtensibilityGlobals) = postSolution
		SolutionGuid = {787CD5DE-BC85-42B4-A589-CF9CE6189B8B}
	EndGlobalSection
EndGlobal
